{
  "name": "zaychikuploadgoods",
  "version": "1.0.0",
  "lockfileVersion": 3,
  "requires": true,
  "packages": {
    "": {
      "name": "zaychikuploadgoods",
      "version": "1.0.0",
      "license": "ISC",
      "dependencies": {
        "dotenv": "^17.2.3",
        "xml-flow": "^1.0.4"
      }
    },
    "node_modules/dotenv": {
      "version": "17.2.3",
      "resolved": "https://registry.npmjs.org/dotenv/-/dotenv-17.2.3.tgz",
      "integrity": "sha512-JVUnt+DUIzu87TABbhPmNfVdBDt18BLOWjMUFJMSi/Qqg7NTYtabbvSNJGOJ7afbRuv9D/lngizHtP7QyLQ+9w==",
      "license": "BSD-2-Clause",
      "engines": {
        "node": ">=12"
      },
      "funding": {
        "url": "https://dotenvx.com"
      }
    },
    "node_modules/sax": {
      "version": "1.4.1",
      "resolved": "https://registry.npmjs.org/sax/-/sax-1.4.1.tgz",
      "integrity": "sha512-+aWOz7yVScEGoKNd4PA10LZ8sk0A/z5+nXQG5giUO5rprX9jgYsTdov9qCchZiPIZezbZH+jRut8nPodFAX4Jg==",
      "license": "ISC"
    },
    "node_modules/xml-flow": {
      "version": "1.0.4",
      "resolved": "https://registry.npmjs.org/xml-flow/-/xml-flow-1.0.4.tgz",
      "integrity": "sha512-r19LXKPL7vkVGL6oWHlESoBgwUVom5w/w8opuS53qULh8+K2w+K9K72edTIQa+X/Vxx1R7ugnCabHFSZ1Tv2zA==",
      "license": "BSD",
      "dependencies": {
        "sax": "^1.2.4"
      }
    }
  }
}
